
Microsoft Visual Studio Solution File, Format Version 11.00
# Visual Studio 2010
Project("{F184B08F-C81C-45F6-A57F-5ABD9991F28F}") = "cuticular", "cuticular.vbproj", "{F7B60A15-76F9-4ECB-A472-57A68D12F655}"
EndProject
Project("{54435603-DBB4-11D2-8724-00A0C9A8B90C}") = "Setup2", "..\Setup2\Setup2.vdproj", "{70231694-B095-4455-8542-A63CEDA6B23F}"
EndProject
Global
	GlobalSection(SolutionConfigurationPlatforms) = preSolution
		Debug|Any CPU = Debug|Any CPU
		Release|Any CPU = Release|Any CPU
	EndGlobalSection
	GlobalSection(ProjectConfigurationPlatforms) = postSolution
		{F7B60A15-76F9-4ECB-A472-57A68D12F655}.Debug|Any CPU.ActiveCfg = Debug|Any CPU
		{F7B60A15-76F9-4ECB-A472-57A68D12F655}.Debug|Any CPU.Build.0 = Debug|Any CPU
		{F7B60A15-76F9-4ECB-A472-57A68D12F655}.Release|Any CPU.ActiveCfg = Release|Any CPU
		{F7B60A15-76F9-4ECB-A472-57A68D12F655}.Release|Any CPU.Build.0 = Release|Any CPU
		{70231694-B095-4455-8542-A63CEDA6B23F}.Debug|Any CPU.ActiveCfg = Debug
		{70231694-B095-4455-8542-A63CEDA6B23F}.Release|Any CPU.ActiveCfg = Release
	EndGlobalSection
	GlobalSection(SolutionProperties) = preSolution
		HideSolutionNode = FALSE
	EndGlobalSection
EndGlobal
